{
  "name": "samplejsnpm",
  "version": "1.0.0",
  "lockfileVersion": 3,
  "requires": true,
  "packages": {
    "": {
      "name": "samplejsnpm",
      "version": "1.0.0",
      "license": "ISC",
      "dependencies": {
        "random-number-generator": "^1.0.2"
      }
    },
    "node_modules/random-number-generator": {
      "version": "1.0.2",
      "resolved": "https://registry.npmjs.org/random-number-generator/-/random-number-generator-1.0.2.tgz",
      "integrity": "sha512-PoHYKyQzL3bL40s2jmWDg670l6VW/5t794v1AFbNvUsi+Jb3xADHWC9ZY5ENuN2IqcHoyihRLIvuV1Xyde1RJQ=="
    }
  }
}
